// !$*UTF8*$!
{
	archiveVersion = 1;
	classes = {
	};
	objectVersion = 50;
	objects = {

/* Begin PBXBuildFile section */
		152BBB3C26CBE74D0097E4E1 /* BKEmptyStateView.swift in Sources */ = {isa = PBXBuildFile; fileRef = 152BBB3B26CBE74D0097E4E1 /* BKEmptyStateView.swift */; };
		156A44E126D0454500CAD514 /* UserInfoVC.swift in Sources */ = {isa = PBXBuildFile; fileRef = 156A44E026D0454500CAD514 /* UserInfoVC.swift */; };
		15A08C8C26BFB669006E9819 /* FollowerListVC.swift in Sources */ = {isa = PBXBuildFile; fileRef = 15A08C8B26BFB669006E9819 /* FollowerListVC.swift */; };
		15A08C8E26BFD296006E9819 /* BKTitleLabel.swift in Sources */ = {isa = PBXBuildFile; fileRef = 15A08C8D26BFD296006E9819 /* BKTitleLabel.swift */; };
		15A08C9026BFD545006E9819 /* BKBodyLabel.swift in Sources */ = {isa = PBXBuildFile; fileRef = 15A08C8F26BFD545006E9819 /* BKBodyLabel.swift */; };
		15A08C9226C0A786006E9819 /* BKAlertVC.swift in Sources */ = {isa = PBXBuildFile; fileRef = 15A08C9126C0A786006E9819 /* BKAlertVC.swift */; };
		15A08C9426C0AE5C006E9819 /* BKAlertContainerView.swift in Sources */ = {isa = PBXBuildFile; fileRef = 15A08C9326C0AE5C006E9819 /* BKAlertContainerView.swift */; };
		15A08C9626C0F7AA006E9819 /* UIViewController+Ext.swift in Sources */ = {isa = PBXBuildFile; fileRef = 15A08C9526C0F7AA006E9819 /* UIViewController+Ext.swift */; };
		15A08C9D26C16F68006E9819 /* Follower.swift in Sources */ = {isa = PBXBuildFile; fileRef = 15A08C9C26C16F68006E9819 /* Follower.swift */; };
		15A08C9F26C17072006E9819 /* User.swift in Sources */ = {isa = PBXBuildFile; fileRef = 15A08C9E26C17072006E9819 /* User.swift */; };
		15A08CA226C2801F006E9819 /* NetworkManager.swift in Sources */ = {isa = PBXBuildFile; fileRef = 15A08CA126C2801F006E9819 /* NetworkManager.swift */; };
		15A08CA526C47903006E9819 /* BKError.swift in Sources */ = {isa = PBXBuildFile; fileRef = 15A08CA426C47903006E9819 /* BKError.swift */; };
		15A08CA826C57B99006E9819 /* FollowerCell.swift in Sources */ = {isa = PBXBuildFile; fileRef = 15A08CA726C57B99006E9819 /* FollowerCell.swift */; };
		15A08CAA26C57D57006E9819 /* BKAvatarImageView.swift in Sources */ = {isa = PBXBuildFile; fileRef = 15A08CA926C57D57006E9819 /* BKAvatarImageView.swift */; };
		15A08CAC26C66CC7006E9819 /* UIHelper.swift in Sources */ = {isa = PBXBuildFile; fileRef = 15A08CAB26C66CC7006E9819 /* UIHelper.swift */; };
		15C6EA5826B9635400BF657A /* AppDelegate.swift in Sources */ = {isa = PBXBuildFile; fileRef = 15C6EA5726B9635400BF657A /* AppDelegate.swift */; };
		15C6EA5A26B9635400BF657A /* SceneDelegate.swift in Sources */ = {isa = PBXBuildFile; fileRef = 15C6EA5926B9635400BF657A /* SceneDelegate.swift */; };
		15C6EA6126B9635700BF657A /* Assets.xcassets in Resources */ = {isa = PBXBuildFile; fileRef = 15C6EA6026B9635700BF657A /* Assets.xcassets */; };
		15C6EA6426B9635700BF657A /* LaunchScreen.storyboard in Resources */ = {isa = PBXBuildFile; fileRef = 15C6EA6226B9635700BF657A /* LaunchScreen.storyboard */; };
		15C6EA6C26BC76FB00BF657A /* SearchVC.swift in Sources */ = {isa = PBXBuildFile; fileRef = 15C6EA6B26BC76FB00BF657A /* SearchVC.swift */; };
		15C6EA6E26BC775F00BF657A /* FavoritesListVC.swift in Sources */ = {isa = PBXBuildFile; fileRef = 15C6EA6D26BC775F00BF657A /* FavoritesListVC.swift */; };
		15C6EA7026BC908F00BF657A /* BKButton.swift in Sources */ = {isa = PBXBuildFile; fileRef = 15C6EA6F26BC908F00BF657A /* BKButton.swift */; };
		15C6EA7226BD3B4500BF657A /* BKTextField.swift in Sources */ = {isa = PBXBuildFile; fileRef = 15C6EA7126BD3B4500BF657A /* BKTextField.swift */; };
/* End PBXBuildFile section */

/* Begin PBXFileReference section */
		152BBB3B26CBE74D0097E4E1 /* BKEmptyStateView.swift */ = {isa = PBXFileReference; lastKnownFileType = sourcecode.swift; path = BKEmptyStateView.swift; sourceTree = "<group>"; };
		156A44E026D0454500CAD514 /* UserInfoVC.swift */ = {isa = PBXFileReference; lastKnownFileType = sourcecode.swift; path = UserInfoVC.swift; sourceTree = "<group>"; };
		15A08C8B26BFB669006E9819 /* FollowerListVC.swift */ = {isa = PBXFileReference; lastKnownFileType = sourcecode.swift; path = FollowerListVC.swift; sourceTree = "<group>"; };
		15A08C8D26BFD296006E9819 /* BKTitleLabel.swift */ = {isa = PBXFileReference; lastKnownFileType = sourcecode.swift; path = BKTitleLabel.swift; sourceTree = "<group>"; };
		15A08C8F26BFD545006E9819 /* BKBodyLabel.swift */ = {isa = PBXFileReference; lastKnownFileType = sourcecode.swift; path = BKBodyLabel.swift; sourceTree = "<group>"; };
		15A08C9126C0A786006E9819 /* BKAlertVC.swift */ = {isa = PBXFileReference; lastKnownFileType = sourcecode.swift; path = BKAlertVC.swift; sourceTree = "<group>"; };
		15A08C9326C0AE5C006E9819 /* BKAlertContainerView.swift */ = {isa = PBXFileReference; lastKnownFileType = sourcecode.swift; path = BKAlertContainerView.swift; sourceTree = "<group>"; };
		15A08C9526C0F7AA006E9819 /* UIViewController+Ext.swift */ = {isa = PBXFileReference; lastKnownFileType = sourcecode.swift; path = "UIViewController+Ext.swift"; sourceTree = "<group>"; };
		15A08C9C26C16F68006E9819 /* Follower.swift */ = {isa = PBXFileReference; lastKnownFileType = sourcecode.swift; path = Follower.swift; sourceTree = "<group>"; };
		15A08C9E26C17072006E9819 /* User.swift */ = {isa = PBXFileReference; lastKnownFileType = sourcecode.swift; path = User.swift; sourceTree = "<group>"; };
		15A08CA126C2801F006E9819 /* NetworkManager.swift */ = {isa = PBXFileReference; lastKnownFileType = sourcecode.swift; path = NetworkManager.swift; sourceTree = "<group>"; };
		15A08CA426C47903006E9819 /* BKError.swift */ = {isa = PBXFileReference; lastKnownFileType = sourcecode.swift; path = BKError.swift; sourceTree = "<group>"; };
		15A08CA726C57B99006E9819 /* FollowerCell.swift */ = {isa = PBXFileReference; lastKnownFileType = sourcecode.swift; path = FollowerCell.swift; sourceTree = "<group>"; };
		15A08CA926C57D57006E9819 /* BKAvatarImageView.swift */ = {isa = PBXFileReference; lastKnownFileType = sourcecode.swift; path = BKAvatarImageView.swift; sourceTree = "<group>"; };
		15A08CAB26C66CC7006E9819 /* UIHelper.swift */ = {isa = PBXFileReference; lastKnownFileType = sourcecode.swift; path = UIHelper.swift; sourceTree = "<group>"; };
		15C6EA5426B9635400BF657A /* GithubFollowers.app */ = {isa = PBXFileReference; explicitFileType = wrapper.application; includeInIndex = 0; path = GithubFollowers.app; sourceTree = BUILT_PRODUCTS_DIR; };
		15C6EA5726B9635400BF657A /* AppDelegate.swift */ = {isa = PBXFileReference; lastKnownFileType = sourcecode.swift; path = AppDelegate.swift; sourceTree = "<group>"; };
		15C6EA5926B9635400BF657A /* SceneDelegate.swift */ = {isa = PBXFileReference; lastKnownFileType = sourcecode.swift; path = SceneDelegate.swift; sourceTree = "<group>"; };
		15C6EA6026B9635700BF657A /* Assets.xcassets */ = {isa = PBXFileReference; lastKnownFileType = folder.assetcatalog; path = Assets.xcassets; sourceTree = "<group>"; };
		15C6EA6326B9635700BF657A /* Base */ = {isa = PBXFileReference; lastKnownFileType = file.storyboard; name = Base; path = Base.lproj/LaunchScreen.storyboard; sourceTree = "<group>"; };
		15C6EA6526B9635700BF657A /* Info.plist */ = {isa = PBXFileReference; lastKnownFileType = text.plist.xml; path = Info.plist; sourceTree = "<group>"; };
		15C6EA6B26BC76FB00BF657A /* SearchVC.swift */ = {isa = PBXFileReference; lastKnownFileType = sourcecode.swift; path = SearchVC.swift; sourceTree = "<group>"; };
		15C6EA6D26BC775F00BF657A /* FavoritesListVC.swift */ = {isa = PBXFileReference; lastKnownFileType = sourcecode.swift; path = FavoritesListVC.swift; sourceTree = "<group>"; };
		15C6EA6F26BC908F00BF657A /* BKButton.swift */ = {isa = PBXFileReference; lastKnownFileType = sourcecode.swift; path = BKButton.swift; sourceTree = "<group>"; };
		15C6EA7126BD3B4500BF657A /* BKTextField.swift */ = {isa = PBXFileReference; lastKnownFileType = sourcecode.swift; path = BKTextField.swift; sourceTree = "<group>"; };
/* End PBXFileReference section */

/* Begin PBXFrameworksBuildPhase section */
		15C6EA5126B9635400BF657A /* Frameworks */ = {
			isa = PBXFrameworksBuildPhase;
			buildActionMask = 2147483647;
			files = (
			);
			runOnlyForDeploymentPostprocessing = 0;
		};
/* End PBXFrameworksBuildPhase section */

/* Begin PBXGroup section */
		152BBB3526CBE61A0097E4E1 /* Views */ = {
			isa = PBXGroup;
			children = (
				15A08C9326C0AE5C006E9819 /* BKAlertContainerView.swift */,
				152BBB3B26CBE74D0097E4E1 /* BKEmptyStateView.swift */,
			);
			path = Views;
			sourceTree = "<group>";
		};
		152BBB3626CBE6200097E4E1 /* Buttons */ = {
			isa = PBXGroup;
			children = (
				15C6EA6F26BC908F00BF657A /* BKButton.swift */,
			);
			path = Buttons;
			sourceTree = "<group>";
		};
		152BBB3726CBE6240097E4E1 /* TextFields */ = {
			isa = PBXGroup;
			children = (
				15C6EA7126BD3B4500BF657A /* BKTextField.swift */,
			);
			path = TextFields;
			sourceTree = "<group>";
		};
		152BBB3826CBE63A0097E4E1 /* ImageViews */ = {
			isa = PBXGroup;
			children = (
				15A08CA926C57D57006E9819 /* BKAvatarImageView.swift */,
			);
			path = ImageViews;
			sourceTree = "<group>";
		};
		152BBB3926CBE6420097E4E1 /* ViewControllers */ = {
			isa = PBXGroup;
			children = (
				15A08C9126C0A786006E9819 /* BKAlertVC.swift */,
			);
			path = ViewControllers;
			sourceTree = "<group>";
		};
		152BBB3A26CBE6770097E4E1 /* Labels */ = {
			isa = PBXGroup;
			children = (
				15A08C8F26BFD545006E9819 /* BKBodyLabel.swift */,
				15A08C8D26BFD296006E9819 /* BKTitleLabel.swift */,
			);
			path = Labels;
			sourceTree = "<group>";
		};
		15A08C9726C11823006E9819 /* Controllers */ = {
			isa = PBXGroup;
			children = (
				15C6EA6B26BC76FB00BF657A /* SearchVC.swift */,
				15A08C8B26BFB669006E9819 /* FollowerListVC.swift */,
				156A44E026D0454500CAD514 /* UserInfoVC.swift */,
				15C6EA6D26BC775F00BF657A /* FavoritesListVC.swift */,
			);
			path = Controllers;
			sourceTree = "<group>";
		};
		15A08C9826C11885006E9819 /* Custom Views */ = {
			isa = PBXGroup;
			children = (
				152BBB3A26CBE6770097E4E1 /* Labels */,
				152BBB3926CBE6420097E4E1 /* ViewControllers */,
				152BBB3826CBE63A0097E4E1 /* ImageViews */,
				152BBB3726CBE6240097E4E1 /* TextFields */,
				152BBB3626CBE6200097E4E1 /* Buttons */,
				152BBB3526CBE61A0097E4E1 /* Views */,
				15A08CA626C57B71006E9819 /* Cells */,
			);
			path = "Custom Views";
			sourceTree = "<group>";
		};
		15A08C9926C118D0006E9819 /* Extensions */ = {
			isa = PBXGroup;
			children = (
				15A08C9526C0F7AA006E9819 /* UIViewController+Ext.swift */,
			);
			path = Extensions;
			sourceTree = "<group>";
		};
		15A08C9A26C1194A006E9819 /* Support */ = {
			isa = PBXGroup;
			children = (
				15C6EA5726B9635400BF657A /* AppDelegate.swift */,
				15C6EA5926B9635400BF657A /* SceneDelegate.swift */,
				15C6EA6026B9635700BF657A /* Assets.xcassets */,
				15C6EA6226B9635700BF657A /* LaunchScreen.storyboard */,
			);
			path = Support;
			sourceTree = "<group>";
		};
		15A08C9B26C16F58006E9819 /* Model */ = {
			isa = PBXGroup;
			children = (
				15A08C9C26C16F68006E9819 /* Follower.swift */,
				15A08C9E26C17072006E9819 /* User.swift */,
			);
			path = Model;
			sourceTree = "<group>";
		};
		15A08CA026C2800E006E9819 /* Managers */ = {
			isa = PBXGroup;
			children = (
				15A08CA126C2801F006E9819 /* NetworkManager.swift */,
			);
			path = Managers;
			sourceTree = "<group>";
		};
		15A08CA326C478E4006E9819 /* Utilities */ = {
			isa = PBXGroup;
			children = (
				15A08CA426C47903006E9819 /* BKError.swift */,
				15A08CAB26C66CC7006E9819 /* UIHelper.swift */,
			);
			path = Utilities;
			sourceTree = "<group>";
		};
		15A08CA626C57B71006E9819 /* Cells */ = {
			isa = PBXGroup;
			children = (
				15A08CA726C57B99006E9819 /* FollowerCell.swift */,
			);
			path = Cells;
			sourceTree = "<group>";
		};
		15C6EA4B26B9635400BF657A = {
			isa = PBXGroup;
			children = (
				15C6EA5626B9635400BF657A /* GithubFollowers */,
				15C6EA5526B9635400BF657A /* Products */,
			);
			sourceTree = "<group>";
		};
		15C6EA5526B9635400BF657A /* Products */ = {
			isa = PBXGroup;
			children = (
				15C6EA5426B9635400BF657A /* GithubFollowers.app */,
			);
			name = Products;
			sourceTree = "<group>";
		};
		15C6EA5626B9635400BF657A /* GithubFollowers */ = {
			isa = PBXGroup;
			children = (
				15A08CA326C478E4006E9819 /* Utilities */,
				15A08CA026C2800E006E9819 /* Managers */,
				15C6EA6526B9635700BF657A /* Info.plist */,
				15A08C9B26C16F58006E9819 /* Model */,
				15A08C9926C118D0006E9819 /* Extensions */,
				15A08C9826C11885006E9819 /* Custom Views */,
				15A08C9726C11823006E9819 /* Controllers */,
				15A08C9A26C1194A006E9819 /* Support */,
			);
			path = GithubFollowers;
			sourceTree = "<group>";
		};
/* End PBXGroup section */

/* Begin PBXNativeTarget section */
		15C6EA5326B9635400BF657A /* GithubFollowers */ = {
			isa = PBXNativeTarget;
			buildConfigurationList = 15C6EA6826B9635700BF657A /* Build configuration list for PBXNativeTarget "GithubFollowers" */;
			buildPhases = (
				15C6EA5026B9635400BF657A /* Sources */,
				15C6EA5126B9635400BF657A /* Frameworks */,
				15C6EA5226B9635400BF657A /* Resources */,
			);
			buildRules = (
			);
			dependencies = (
			);
			name = GithubFollowers;
			productName = GithubFollowers;
			productReference = 15C6EA5426B9635400BF657A /* GithubFollowers.app */;
			productType = "com.apple.product-type.application";
		};
/* End PBXNativeTarget section */

/* Begin PBXProject section */
		15C6EA4C26B9635400BF657A /* Project object */ = {
			isa = PBXProject;
			attributes = {
				LastSwiftUpdateCheck = 1250;
				LastUpgradeCheck = 1250;
				TargetAttributes = {
					15C6EA5326B9635400BF657A = {
						CreatedOnToolsVersion = 12.5.1;
					};
				};
			};
			buildConfigurationList = 15C6EA4F26B9635400BF657A /* Build configuration list for PBXProject "GithubFollowers" */;
			compatibilityVersion = "Xcode 9.3";
			developmentRegion = en;
			hasScannedForEncodings = 0;
			knownRegions = (
				en,
				Base,
			);
			mainGroup = 15C6EA4B26B9635400BF657A;
			productRefGroup = 15C6EA5526B9635400BF657A /* Products */;
			projectDirPath = "";
			projectRoot = "";
			targets = (
				15C6EA5326B9635400BF657A /* GithubFollowers */,
			);
		};
/* End PBXProject section */

/* Begin PBXResourcesBuildPhase section */
		15C6EA5226B9635400BF657A /* Resources */ = {
			isa = PBXResourcesBuildPhase;
			buildActionMask = 2147483647;
			files = (
				15C6EA6426B9635700BF657A /* LaunchScreen.storyboard in Resources */,
				15C6EA6126B9635700BF657A /* Assets.xcassets in Resources */,
			);
			runOnlyForDeploymentPostprocessing = 0;
		};
/* End PBXResourcesBuildPhase section */

/* Begin PBXSourcesBuildPhase section */
		15C6EA5026B9635400BF657A /* Sources */ = {
			isa = PBXSourcesBuildPhase;
			buildActionMask = 2147483647;
			files = (
				15A08C9226C0A786006E9819 /* BKAlertVC.swift in Sources */,
				152BBB3C26CBE74D0097E4E1 /* BKEmptyStateView.swift in Sources */,
				15A08C9026BFD545006E9819 /* BKBodyLabel.swift in Sources */,
				15A08C9626C0F7AA006E9819 /* UIViewController+Ext.swift in Sources */,
				15A08C9426C0AE5C006E9819 /* BKAlertContainerView.swift in Sources */,
				15A08CAA26C57D57006E9819 /* BKAvatarImageView.swift in Sources */,
				15C6EA7226BD3B4500BF657A /* BKTextField.swift in Sources */,
				15C6EA7026BC908F00BF657A /* BKButton.swift in Sources */,
				15A08C9F26C17072006E9819 /* User.swift in Sources */,
				15A08CA826C57B99006E9819 /* FollowerCell.swift in Sources */,
				15C6EA6C26BC76FB00BF657A /* SearchVC.swift in Sources */,
				156A44E126D0454500CAD514 /* UserInfoVC.swift in Sources */,
				15A08C9D26C16F68006E9819 /* Follower.swift in Sources */,
				15C6EA5826B9635400BF657A /* AppDelegate.swift in Sources */,
				15A08C8E26BFD296006E9819 /* BKTitleLabel.swift in Sources */,
				15A08C8C26BFB669006E9819 /* FollowerListVC.swift in Sources */,
				15A08CA526C47903006E9819 /* BKError.swift in Sources */,
				15A08CAC26C66CC7006E9819 /* UIHelper.swift in Sources */,
				15A08CA226C2801F006E9819 /* NetworkManager.swift in Sources */,
				15C6EA6E26BC775F00BF657A /* FavoritesListVC.swift in Sources */,
				15C6EA5A26B9635400BF657A /* SceneDelegate.swift in Sources */,
			);
			runOnlyForDeploymentPostprocessing = 0;
		};
/* End PBXSourcesBuildPhase section */

/* Begin PBXVariantGroup section */
		15C6EA6226B9635700BF657A /* LaunchScreen.storyboard */ = {
			isa = PBXVariantGroup;
			children = (
				15C6EA6326B9635700BF657A /* Base */,
			);
			name = LaunchScreen.storyboard;
			sourceTree = "<group>";
		};
/* End PBXVariantGroup section */

/* Begin XCBuildConfiguration section */
		15C6EA6626B9635700BF657A /* Debug */ = {
			isa = XCBuildConfiguration;
			buildSettings = {
				ALWAYS_SEARCH_USER_PATHS = NO;
				CLANG_ANALYZER_NONNULL = YES;
				CLANG_ANALYZER_NUMBER_OBJECT_CONVERSION = YES_AGGRESSIVE;
				CLANG_CXX_LANGUAGE_STANDARD = "gnu++14";
				CLANG_CXX_LIBRARY = "libc++";
				CLANG_ENABLE_MODULES = YES;
				CLANG_ENABLE_OBJC_ARC = YES;
				CLANG_ENABLE_OBJC_WEAK = YES;
				CLANG_WARN_BLOCK_CAPTURE_AUTORELEASING = YES;
				CLANG_WARN_BOOL_CONVERSION = YES;
				CLANG_WARN_COMMA = YES;
				CLANG_WARN_CONSTANT_CONVERSION = YES;
				CLANG_WARN_DEPRECATED_OBJC_IMPLEMENTATIONS = YES;
				CLANG_WARN_DIRECT_OBJC_ISA_USAGE = YES_ERROR;
				CLANG_WARN_DOCUMENTATION_COMMENTS = YES;
				CLANG_WARN_EMPTY_BODY = YES;
				CLANG_WARN_ENUM_CONVERSION = YES;
				CLANG_WARN_INFINITE_RECURSION = YES;
				CLANG_WARN_INT_CONVERSION = YES;
				CLANG_WARN_NON_LITERAL_NULL_CONVERSION = YES;
				CLANG_WARN_OBJC_IMPLICIT_RETAIN_SELF = YES;
				CLANG_WARN_OBJC_LITERAL_CONVERSION = YES;
				CLANG_WARN_OBJC_ROOT_CLASS = YES_ERROR;
				CLANG_WARN_QUOTED_INCLUDE_IN_FRAMEWORK_HEADER = YES;
				CLANG_WARN_RANGE_LOOP_ANALYSIS = YES;
				CLANG_WARN_STRICT_PROTOTYPES = YES;
				CLANG_WARN_SUSPICIOUS_MOVE = YES;
				CLANG_WARN_UNGUARDED_AVAILABILITY = YES_AGGRESSIVE;
				CLANG_WARN_UNREACHABLE_CODE = YES;
				CLANG_WARN__DUPLICATE_METHOD_MATCH = YES;
				COPY_PHASE_STRIP = NO;
				DEBUG_INFORMATION_FORMAT = dwarf;
				ENABLE_STRICT_OBJC_MSGSEND = YES;
				ENABLE_TESTABILITY = YES;
				GCC_C_LANGUAGE_STANDARD = gnu11;
				GCC_DYNAMIC_NO_PIC = NO;
				GCC_NO_COMMON_BLOCKS = YES;
				GCC_OPTIMIZATION_LEVEL = 0;
				GCC_PREPROCESSOR_DEFINITIONS = (
					"DEBUG=1",
					"$(inherited)",
				);
				GCC_WARN_64_TO_32_BIT_CONVERSION = YES;
				GCC_WARN_ABOUT_RETURN_TYPE = YES_ERROR;
				GCC_WARN_UNDECLARED_SELECTOR = YES;
				GCC_WARN_UNINITIALIZED_AUTOS = YES_AGGRESSIVE;
				GCC_WARN_UNUSED_FUNCTION = YES;
				GCC_WARN_UNUSED_VARIABLE = YES;
				IPHONEOS_DEPLOYMENT_TARGET = 14.5;
				MTL_ENABLE_DEBUG_INFO = INCLUDE_SOURCE;
				MTL_FAST_MATH = YES;
				ONLY_ACTIVE_ARCH = YES;
				SDKROOT = iphoneos;
				SWIFT_ACTIVE_COMPILATION_CONDITIONS = DEBUG;
				SWIFT_OPTIMIZATION_LEVEL = "-Onone";
			};
			name = Debug;
		};
		15C6EA6726B9635700BF657A /* Release */ = {
			isa = XCBuildConfiguration;
			buildSettings = {
				ALWAYS_SEARCH_USER_PATHS = NO;
				CLANG_ANALYZER_NONNULL = YES;
				CLANG_ANALYZER_NUMBER_OBJECT_CONVERSION = YES_AGGRESSIVE;
				CLANG_CXX_LANGUAGE_STANDARD = "gnu++14";
				CLANG_CXX_LIBRARY = "libc++";
				CLANG_ENABLE_MODULES = YES;
				CLANG_ENABLE_OBJC_ARC = YES;
				CLANG_ENABLE_OBJC_WEAK = YES;
				CLANG_WARN_BLOCK_CAPTURE_AUTORELEASING = YES;
				CLANG_WARN_BOOL_CONVERSION = YES;
				CLANG_WARN_COMMA = YES;
				CLANG_WARN_CONSTANT_CONVERSION = YES;
				CLANG_WARN_DEPRECATED_OBJC_IMPLEMENTATIONS = YES;
				CLANG_WARN_DIRECT_OBJC_ISA_USAGE = YES_ERROR;
				CLANG_WARN_DOCUMENTATION_COMMENTS = YES;
				CLANG_WARN_EMPTY_BODY = YES;
				CLANG_WARN_ENUM_CONVERSION = YES;
				CLANG_WARN_INFINITE_RECURSION = YES;
				CLANG_WARN_INT_CONVERSION = YES;
				CLANG_WARN_NON_LITERAL_NULL_CONVERSION = YES;
				CLANG_WARN_OBJC_IMPLICIT_RETAIN_SELF = YES;
				CLANG_WARN_OBJC_LITERAL_CONVERSION = YES;
				CLANG_WARN_OBJC_ROOT_CLASS = YES_ERROR;
				CLANG_WARN_QUOTED_INCLUDE_IN_FRAMEWORK_HEADER = YES;
				CLANG_WARN_RANGE_LOOP_ANALYSIS = YES;
				CLANG_WARN_STRICT_PROTOTYPES = YES;
				CLANG_WARN_SUSPICIOUS_MOVE = YES;
				CLANG_WARN_UNGUARDED_AVAILABILITY = YES_AGGRESSIVE;
				CLANG_WARN_UNREACHABLE_CODE = YES;
				CLANG_WARN__DUPLICATE_METHOD_MATCH = YES;
				COPY_PHASE_STRIP = NO;
				DEBUG_INFORMATION_FORMAT = "dwarf-with-dsym";
				ENABLE_NS_ASSERTIONS = NO;
				ENABLE_STRICT_OBJC_MSGSEND = YES;
				GCC_C_LANGUAGE_STANDARD = gnu11;
				GCC_NO_COMMON_BLOCKS = YES;
				GCC_WARN_64_TO_32_BIT_CONVERSION = YES;
				GCC_WARN_ABOUT_RETURN_TYPE = YES_ERROR;
				GCC_WARN_UNDECLARED_SELECTOR = YES;
				GCC_WARN_UNINITIALIZED_AUTOS = YES_AGGRESSIVE;
				GCC_WARN_UNUSED_FUNCTION = YES;
				GCC_WARN_UNUSED_VARIABLE = YES;
				IPHONEOS_DEPLOYMENT_TARGET = 14.5;
				MTL_ENABLE_DEBUG_INFO = NO;
				MTL_FAST_MATH = YES;
				SDKROOT = iphoneos;
				SWIFT_COMPILATION_MODE = wholemodule;
				SWIFT_OPTIMIZATION_LEVEL = "-O";
				VALIDATE_PRODUCT = YES;
			};
			name = Release;
		};
		15C6EA6926B9635700BF657A /* Debug */ = {
			isa = XCBuildConfiguration;
			buildSettings = {
				ASSETCATALOG_COMPILER_APPICON_NAME = AppIcon;
				ASSETCATALOG_COMPILER_GLOBAL_ACCENT_COLOR_NAME = AccentColor;
				CODE_SIGN_STYLE = Automatic;
				DEVELOPMENT_TEAM = ETARS989MB;
				INFOPLIST_FILE = GithubFollowers/Info.plist;
				LD_RUNPATH_SEARCH_PATHS = (
					"$(inherited)",
					"@executable_path/Frameworks",
				);
				PRODUCT_BUNDLE_IDENTIFIER = karalarbaris.GithubFollowers;
				PRODUCT_NAME = "$(TARGET_NAME)";
				SWIFT_VERSION = 5.0;
				TARGETED_DEVICE_FAMILY = 1;
			};
			name = Debug;
		};
		15C6EA6A26B9635700BF657A /* Release */ = {
			isa = XCBuildConfiguration;
			buildSettings = {
				ASSETCATALOG_COMPILER_APPICON_NAME = AppIcon;
				ASSETCATALOG_COMPILER_GLOBAL_ACCENT_COLOR_NAME = AccentColor;
				CODE_SIGN_STYLE = Automatic;
				DEVELOPMENT_TEAM = ETARS989MB;
				INFOPLIST_FILE = GithubFollowers/Info.plist;
				LD_RUNPATH_SEARCH_PATHS = (
					"$(inherited)",
					"@executable_path/Frameworks",
				);
				PRODUCT_BUNDLE_IDENTIFIER = karalarbaris.GithubFollowers;
				PRODUCT_NAME = "$(TARGET_NAME)";
				SWIFT_VERSION = 5.0;
				TARGETED_DEVICE_FAMILY = 1;
			};
			name = Release;
		};
/* End XCBuildConfiguration section */

/* Begin XCConfigurationList section */
		15C6EA4F26B9635400BF657A /* Build configuration list for PBXProject "GithubFollowers" */ = {
			isa = XCConfigurationList;
			buildConfigurations = (
				15C6EA6626B9635700BF657A /* Debug */,
				15C6EA6726B9635700BF657A /* Release */,
			);
			defaultConfigurationIsVisible = 0;
			defaultConfigurationName = Release;
		};
		15C6EA6826B9635700BF657A /* Build configuration list for PBXNativeTarget "GithubFollowers" */ = {
			isa = XCConfigurationList;
			buildConfigurations = (
				15C6EA6926B9635700BF657A /* Debug */,
				15C6EA6A26B9635700BF657A /* Release */,
			);
			defaultConfigurationIsVisible = 0;
			defaultConfigurationName = Release;
		};
/* End XCConfigurationList section */
	};
	rootObject = 15C6EA4C26B9635400BF657A /* Project object */;
}
